// !$*UTF8*$!
{
	archiveVersion = 1;
	classes = {
	};
	objectVersion = 55;
	objects = {

/* Begin PBXBuildFile section */
		BB2EC3B72816DE8600806EBD /* TypographyCourseApp.swift in Sources */ = {isa = PBXBuildFile; fileRef = BB2EC3B62816DE8600806EBD /* TypographyCourseApp.swift */; };
		BB2EC3BB2816DE8800806EBD /* Assets.xcassets in Resources */ = {isa = PBXBuildFile; fileRef = BB2EC3BA2816DE8800806EBD /* Assets.xcassets */; };
		BB2EC3BE2816DE8800806EBD /* Preview Assets.xcassets in Resources */ = {isa = PBXBuildFile; fileRef = BB2EC3BD2816DE8800806EBD /* Preview Assets.xcassets */; };
		BB2EC3C82816DE8800806EBD /* TypographyCourseTests.swift in Sources */ = {isa = PBXBuildFile; fileRef = BB2EC3C72816DE8800806EBD /* TypographyCourseTests.swift */; };
		BB2EC3D22816DE8800806EBD /* TypographyCourseUITests.swift in Sources */ = {isa = PBXBuildFile; fileRef = BB2EC3D12816DE8800806EBD /* TypographyCourseUITests.swift */; };
		BB2EC3D42816DE8800806EBD /* TypographyCourseUITestsLaunchTests.swift in Sources */ = {isa = PBXBuildFile; fileRef = BB2EC3D32816DE8800806EBD /* TypographyCourseUITestsLaunchTests.swift */; };
		BB2EC3E52816DF8000806EBD /* Content.swift in Sources */ = {isa = PBXBuildFile; fileRef = BB2EC3E42816DF8000806EBD /* Content.swift */; };
		BB2EC3E72816DF9D00806EBD /* Page.swift in Sources */ = {isa = PBXBuildFile; fileRef = BB2EC3E62816DF9D00806EBD /* Page.swift */; };
		BB2EC3E92816DFD100806EBD /* AboutView.swift in Sources */ = {isa = PBXBuildFile; fileRef = BB2EC3E82816DFD100806EBD /* AboutView.swift */; };
		BB2EC3EB2816DFE300806EBD /* BaseView.swift in Sources */ = {isa = PBXBuildFile; fileRef = BB2EC3EA2816DFE300806EBD /* BaseView.swift */; };
		BB2EC3ED2816DFFB00806EBD /* PageContentView.swift in Sources */ = {isa = PBXBuildFile; fileRef = BB2EC3EC2816DFFB00806EBD /* PageContentView.swift */; };
		BB2EC3EF2816E00E00806EBD /* PageNavigationView.swift in Sources */ = {isa = PBXBuildFile; fileRef = BB2EC3EE2816E00E00806EBD /* PageNavigationView.swift */; };
		BB2EC3F12816E01D00806EBD /* PagePlaygroundView.swift in Sources */ = {isa = PBXBuildFile; fileRef = BB2EC3F02816E01D00806EBD /* PagePlaygroundView.swift */; };
		BB2EC3F42816E03B00806EBD /* FontsContentCustomView.swift in Sources */ = {isa = PBXBuildFile; fileRef = BB2EC3F32816E03B00806EBD /* FontsContentCustomView.swift */; };
		BB2EC3F72816E06800806EBD /* WelcomePlaygroundView.swift in Sources */ = {isa = PBXBuildFile; fileRef = BB2EC3F62816E06800806EBD /* WelcomePlaygroundView.swift */; };
		BB2EC3F92816E07E00806EBD /* QuizPlaygroundView.swift in Sources */ = {isa = PBXBuildFile; fileRef = BB2EC3F82816E07E00806EBD /* QuizPlaygroundView.swift */; };
		BB2EC3FB2816E09000806EBD /* KerningPlaygroundView.swift in Sources */ = {isa = PBXBuildFile; fileRef = BB2EC3FA2816E09000806EBD /* KerningPlaygroundView.swift */; };
		BB2EC3FD2816E0A200806EBD /* HierarchyPlaygroundView.swift in Sources */ = {isa = PBXBuildFile; fileRef = BB2EC3FC2816E0A200806EBD /* HierarchyPlaygroundView.swift */; };
		BB2EC3FF2816E0B300806EBD /* FontsPlaygroundView.swift in Sources */ = {isa = PBXBuildFile; fileRef = BB2EC3FE2816E0B300806EBD /* FontsPlaygroundView.swift */; };
		BB2EC4012816E0C100806EBD /* AppPlaygroundView.swift in Sources */ = {isa = PBXBuildFile; fileRef = BB2EC4002816E0C100806EBD /* AppPlaygroundView.swift */; };
		BB2EC4032816E0D900806EBD /* AppState.swift in Sources */ = {isa = PBXBuildFile; fileRef = BB2EC4022816E0D900806EBD /* AppState.swift */; };
		BB3DA850281F304700F1FC0C /* InteractableView.swift in Sources */ = {isa = PBXBuildFile; fileRef = BB3DA84F281F304700F1FC0C /* InteractableView.swift */; };
		BB6400AA2824025F00B29DE5 /* highlightable.swift in Sources */ = {isa = PBXBuildFile; fileRef = BB6400A92824025F00B29DE5 /* highlightable.swift */; };
		BB6400AC28241C2B00B29DE5 /* SpacingPlaygroundView.swift in Sources */ = {isa = PBXBuildFile; fileRef = BB6400AB28241C2B00B29DE5 /* SpacingPlaygroundView.swift */; };
		BB69E7ED281BCA2800556515 /* AlignmentPlaygroundView.swift in Sources */ = {isa = PBXBuildFile; fileRef = BB69E7EC281BCA2800556515 /* AlignmentPlaygroundView.swift */; };
		BB9AB012281BE443004E0BE4 /* ConfettiSwiftUI in Frameworks */ = {isa = PBXBuildFile; productRef = BB9AB011281BE443004E0BE4 /* ConfettiSwiftUI */; };
		BBE2CB1728212D690016C240 /* HierarchyContentCustomView.swift in Sources */ = {isa = PBXBuildFile; fileRef = BBE2CB1628212D690016C240 /* HierarchyContentCustomView.swift */; };
/* End PBXBuildFile section */

/* Begin PBXContainerItemProxy section */
		BB2EC3C42816DE8800806EBD /* PBXContainerItemProxy */ = {
			isa = PBXContainerItemProxy;
			containerPortal = BB2EC3AB2816DE8600806EBD /* Project object */;
			proxyType = 1;
			remoteGlobalIDString = BB2EC3B22816DE8600806EBD;
			remoteInfo = TypographyCourse;
		};
		BB2EC3CE2816DE8800806EBD /* PBXContainerItemProxy */ = {
			isa = PBXContainerItemProxy;
			containerPortal = BB2EC3AB2816DE8600806EBD /* Project object */;
			proxyType = 1;
			remoteGlobalIDString = BB2EC3B22816DE8600806EBD;
			remoteInfo = TypographyCourse;
		};
/* End PBXContainerItemProxy section */

/* Begin PBXFileReference section */
		BB2EC3B32816DE8600806EBD /* TypographyCourse.app */ = {isa = PBXFileReference; explicitFileType = wrapper.application; includeInIndex = 0; path = TypographyCourse.app; sourceTree = BUILT_PRODUCTS_DIR; };
		BB2EC3B62816DE8600806EBD /* TypographyCourseApp.swift */ = {isa = PBXFileReference; lastKnownFileType = sourcecode.swift; path = TypographyCourseApp.swift; sourceTree = "<group>"; };
		BB2EC3BA2816DE8800806EBD /* Assets.xcassets */ = {isa = PBXFileReference; lastKnownFileType = folder.assetcatalog; path = Assets.xcassets; sourceTree = "<group>"; };
		BB2EC3BD2816DE8800806EBD /* Preview Assets.xcassets */ = {isa = PBXFileReference; lastKnownFileType = folder.assetcatalog; path = "Preview Assets.xcassets"; sourceTree = "<group>"; };
		BB2EC3C32816DE8800806EBD /* TypographyCourseTests.xctest */ = {isa = PBXFileReference; explicitFileType = wrapper.cfbundle; includeInIndex = 0; path = TypographyCourseTests.xctest; sourceTree = BUILT_PRODUCTS_DIR; };
		BB2EC3C72816DE8800806EBD /* TypographyCourseTests.swift */ = {isa = PBXFileReference; lastKnownFileType = sourcecode.swift; path = TypographyCourseTests.swift; sourceTree = "<group>"; };
		BB2EC3CD2816DE8800806EBD /* TypographyCourseUITests.xctest */ = {isa = PBXFileReference; explicitFileType = wrapper.cfbundle; includeInIndex = 0; path = TypographyCourseUITests.xctest; sourceTree = BUILT_PRODUCTS_DIR; };
		BB2EC3D12816DE8800806EBD /* TypographyCourseUITests.swift */ = {isa = PBXFileReference; lastKnownFileType = sourcecode.swift; path = TypographyCourseUITests.swift; sourceTree = "<group>"; };
		BB2EC3D32816DE8800806EBD /* TypographyCourseUITestsLaunchTests.swift */ = {isa = PBXFileReference; lastKnownFileType = sourcecode.swift; path = TypographyCourseUITestsLaunchTests.swift; sourceTree = "<group>"; };
		BB2EC3E02816DEC100806EBD /* Info.plist */ = {isa = PBXFileReference; lastKnownFileType = text.plist; path = Info.plist; sourceTree = "<group>"; };
		BB2EC3E42816DF8000806EBD /* Content.swift */ = {isa = PBXFileReference; lastKnownFileType = sourcecode.swift; path = Content.swift; sourceTree = "<group>"; };
		BB2EC3E62816DF9D00806EBD /* Page.swift */ = {isa = PBXFileReference; lastKnownFileType = sourcecode.swift; path = Page.swift; sourceTree = "<group>"; };
		BB2EC3E82816DFD100806EBD /* AboutView.swift */ = {isa = PBXFileReference; lastKnownFileType = sourcecode.swift; path = AboutView.swift; sourceTree = "<group>"; };
		BB2EC3EA2816DFE300806EBD /* BaseView.swift */ = {isa = PBXFileReference; lastKnownFileType = sourcecode.swift; path = BaseView.swift; sourceTree = "<group>"; };
		BB2EC3EC2816DFFB00806EBD /* PageContentView.swift */ = {isa = PBXFileReference; lastKnownFileType = sourcecode.swift; path = PageContentView.swift; sourceTree = "<group>"; };
		BB2EC3EE2816E00E00806EBD /* PageNavigationView.swift */ = {isa = PBXFileReference; lastKnownFileType = sourcecode.swift; path = PageNavigationView.swift; sourceTree = "<group>"; };
		BB2EC3F02816E01D00806EBD /* PagePlaygroundView.swift */ = {isa = PBXFileReference; lastKnownFileType = sourcecode.swift; path = PagePlaygroundView.swift; sourceTree = "<group>"; };
		BB2EC3F32816E03B00806EBD /* FontsContentCustomView.swift */ = {isa = PBXFileReference; lastKnownFileType = sourcecode.swift; path = FontsContentCustomView.swift; sourceTree = "<group>"; };
		BB2EC3F62816E06800806EBD /* WelcomePlaygroundView.swift */ = {isa = PBXFileReference; lastKnownFileType = sourcecode.swift; path = WelcomePlaygroundView.swift; sourceTree = "<group>"; };
		BB2EC3F82816E07E00806EBD /* QuizPlaygroundView.swift */ = {isa = PBXFileReference; lastKnownFileType = sourcecode.swift; path = QuizPlaygroundView.swift; sourceTree = "<group>"; };
		BB2EC3FA2816E09000806EBD /* KerningPlaygroundView.swift */ = {isa = PBXFileReference; lastKnownFileType = sourcecode.swift; path = KerningPlaygroundView.swift; sourceTree = "<group>"; };
		BB2EC3FC2816E0A200806EBD /* HierarchyPlaygroundView.swift */ = {isa = PBXFileReference; lastKnownFileType = sourcecode.swift; path = HierarchyPlaygroundView.swift; sourceTree = "<group>"; };
		BB2EC3FE2816E0B300806EBD /* FontsPlaygroundView.swift */ = {isa = PBXFileReference; lastKnownFileType = sourcecode.swift; path = FontsPlaygroundView.swift; sourceTree = "<group>"; };
		BB2EC4002816E0C100806EBD /* AppPlaygroundView.swift */ = {isa = PBXFileReference; lastKnownFileType = sourcecode.swift; path = AppPlaygroundView.swift; sourceTree = "<group>"; };
		BB2EC4022816E0D900806EBD /* AppState.swift */ = {isa = PBXFileReference; lastKnownFileType = sourcecode.swift; path = AppState.swift; sourceTree = "<group>"; };
		BB3DA84F281F304700F1FC0C /* InteractableView.swift */ = {isa = PBXFileReference; lastKnownFileType = sourcecode.swift; path = InteractableView.swift; sourceTree = "<group>"; };
		BB6400A92824025F00B29DE5 /* highlightable.swift */ = {isa = PBXFileReference; lastKnownFileType = sourcecode.swift; path = highlightable.swift; sourceTree = "<group>"; };
		BB6400AB28241C2B00B29DE5 /* SpacingPlaygroundView.swift */ = {isa = PBXFileReference; lastKnownFileType = sourcecode.swift; path = SpacingPlaygroundView.swift; sourceTree = "<group>"; };
		BB69E7EC281BCA2800556515 /* AlignmentPlaygroundView.swift */ = {isa = PBXFileReference; lastKnownFileType = sourcecode.swift; path = AlignmentPlaygroundView.swift; sourceTree = "<group>"; };
		BBE2CB1628212D690016C240 /* HierarchyContentCustomView.swift */ = {isa = PBXFileReference; lastKnownFileType = sourcecode.swift; path = HierarchyContentCustomView.swift; sourceTree = "<group>"; };
/* End PBXFileReference section */

/* Begin PBXFrameworksBuildPhase section */
		BB2EC3B02816DE8600806EBD /* Frameworks */ = {
			isa = PBXFrameworksBuildPhase;
			buildActionMask = 2147483647;
			files = (
				BB9AB012281BE443004E0BE4 /* ConfettiSwiftUI in Frameworks */,
			);
			runOnlyForDeploymentPostprocessing = 0;
		};
		BB2EC3C02816DE8800806EBD /* Frameworks */ = {
			isa = PBXFrameworksBuildPhase;
			buildActionMask = 2147483647;
			files = (
			);
			runOnlyForDeploymentPostprocessing = 0;
		};
		BB2EC3CA2816DE8800806EBD /* Frameworks */ = {
			isa = PBXFrameworksBuildPhase;
			buildActionMask = 2147483647;
			files = (
			);
			runOnlyForDeploymentPostprocessing = 0;
		};
/* End PBXFrameworksBuildPhase section */

/* Begin PBXGroup section */
		BB2EC3AA2816DE8600806EBD = {
			isa = PBXGroup;
			children = (
				BB2EC3B52816DE8600806EBD /* TypographyCourse */,
				BB2EC3C62816DE8800806EBD /* TypographyCourseTests */,
				BB2EC3D02816DE8800806EBD /* TypographyCourseUITests */,
				BB2EC3B42816DE8600806EBD /* Products */,
			);
			sourceTree = "<group>";
		};
		BB2EC3B42816DE8600806EBD /* Products */ = {
			isa = PBXGroup;
			children = (
				BB2EC3B32816DE8600806EBD /* TypographyCourse.app */,
				BB2EC3C32816DE8800806EBD /* TypographyCourseTests.xctest */,
				BB2EC3CD2816DE8800806EBD /* TypographyCourseUITests.xctest */,
			);
			name = Products;
			sourceTree = "<group>";
		};
		BB2EC3B52816DE8600806EBD /* TypographyCourse */ = {
			isa = PBXGroup;
			children = (
				BB2EC3E12816DF3F00806EBD /* Model */,
				BB2EC3E22816DF4D00806EBD /* View */,
				BB2EC3E32816DF5500806EBD /* ViewModel */,
				BB2EC3E02816DEC100806EBD /* Info.plist */,
				BB2EC3B62816DE8600806EBD /* TypographyCourseApp.swift */,
				BB2EC3BA2816DE8800806EBD /* Assets.xcassets */,
				BB2EC3BC2816DE8800806EBD /* Preview Content */,
			);
			path = TypographyCourse;
			sourceTree = "<group>";
		};
		BB2EC3BC2816DE8800806EBD /* Preview Content */ = {
			isa = PBXGroup;
			children = (
				BB2EC3BD2816DE8800806EBD /* Preview Assets.xcassets */,
			);
			path = "Preview Content";
			sourceTree = "<group>";
		};
		BB2EC3C62816DE8800806EBD /* TypographyCourseTests */ = {
			isa = PBXGroup;
			children = (
				BB2EC3C72816DE8800806EBD /* TypographyCourseTests.swift */,
			);
			path = TypographyCourseTests;
			sourceTree = "<group>";
		};
		BB2EC3D02816DE8800806EBD /* TypographyCourseUITests */ = {
			isa = PBXGroup;
			children = (
				BB2EC3D12816DE8800806EBD /* TypographyCourseUITests.swift */,
				BB2EC3D32816DE8800806EBD /* TypographyCourseUITestsLaunchTests.swift */,
			);
			path = TypographyCourseUITests;
			sourceTree = "<group>";
		};
		BB2EC3E12816DF3F00806EBD /* Model */ = {
			isa = PBXGroup;
			children = (
				BB2EC3E42816DF8000806EBD /* Content.swift */,
				BB2EC3E62816DF9D00806EBD /* Page.swift */,
			);
			path = Model;
			sourceTree = "<group>";
		};
		BB2EC3E22816DF4D00806EBD /* View */ = {
			isa = PBXGroup;
			children = (
				BB3DA84E281F300B00F1FC0C /* Components */,
				BB2EC3F22816E02C00806EBD /* ContentCustomViews */,
				BB2EC3F52816E04E00806EBD /* PlaygroundViews */,
				BB2EC3E82816DFD100806EBD /* AboutView.swift */,
				BB2EC3EA2816DFE300806EBD /* BaseView.swift */,
				BB2EC3EC2816DFFB00806EBD /* PageContentView.swift */,
				BB2EC3EE2816E00E00806EBD /* PageNavigationView.swift */,
				BB2EC3F02816E01D00806EBD /* PagePlaygroundView.swift */,
			);
			path = View;
			sourceTree = "<group>";
		};
		BB2EC3E32816DF5500806EBD /* ViewModel */ = {
			isa = PBXGroup;
			children = (
				BB2EC4022816E0D900806EBD /* AppState.swift */,
			);
			path = ViewModel;
			sourceTree = "<group>";
		};
		BB2EC3F22816E02C00806EBD /* ContentCustomViews */ = {
			isa = PBXGroup;
			children = (
				BB2EC3F32816E03B00806EBD /* FontsContentCustomView.swift */,
				BBE2CB1628212D690016C240 /* HierarchyContentCustomView.swift */,
			);
			path = ContentCustomViews;
			sourceTree = "<group>";
		};
		BB2EC3F52816E04E00806EBD /* PlaygroundViews */ = {
			isa = PBXGroup;
			children = (
				BB2EC3F62816E06800806EBD /* WelcomePlaygroundView.swift */,
				BB2EC3F82816E07E00806EBD /* QuizPlaygroundView.swift */,
				BB2EC3FA2816E09000806EBD /* KerningPlaygroundView.swift */,
				BB2EC3FC2816E0A200806EBD /* HierarchyPlaygroundView.swift */,
				BB2EC3FE2816E0B300806EBD /* FontsPlaygroundView.swift */,
				BB2EC4002816E0C100806EBD /* AppPlaygroundView.swift */,
				BB69E7EC281BCA2800556515 /* AlignmentPlaygroundView.swift */,
				BB6400AB28241C2B00B29DE5 /* SpacingPlaygroundView.swift */,
			);
			path = PlaygroundViews;
			sourceTree = "<group>";
		};
		BB3DA84E281F300B00F1FC0C /* Components */ = {
			isa = PBXGroup;
			children = (
				BB3DA84F281F304700F1FC0C /* InteractableView.swift */,
				BB6400A92824025F00B29DE5 /* highlightable.swift */,
			);
			path = Components;
			sourceTree = "<group>";
		};
/* End PBXGroup section */

/* Begin PBXNativeTarget section */
		BB2EC3B22816DE8600806EBD /* TypographyCourse */ = {
			isa = PBXNativeTarget;
			buildConfigurationList = BB2EC3D72816DE8800806EBD /* Build configuration list for PBXNativeTarget "TypographyCourse" */;
			buildPhases = (
				BB2EC3AF2816DE8600806EBD /* Sources */,
				BB2EC3B02816DE8600806EBD /* Frameworks */,
				BB2EC3B12816DE8600806EBD /* Resources */,
			);
			buildRules = (
			);
			dependencies = (
			);
			name = TypographyCourse;
			packageProductDependencies = (
				BB9AB011281BE443004E0BE4 /* ConfettiSwiftUI */,
			);
			productName = TypographyCourse;
			productReference = BB2EC3B32816DE8600806EBD /* TypographyCourse.app */;
			productType = "com.apple.product-type.application";
		};
		BB2EC3C22816DE8800806EBD /* TypographyCourseTests */ = {
			isa = PBXNativeTarget;
			buildConfigurationList = BB2EC3DA2816DE8800806EBD /* Build configuration list for PBXNativeTarget "TypographyCourseTests" */;
			buildPhases = (
				BB2EC3BF2816DE8800806EBD /* Sources */,
				BB2EC3C02816DE8800806EBD /* Frameworks */,
				BB2EC3C12816DE8800806EBD /* Resources */,
			);
			buildRules = (
			);
			dependencies = (
				BB2EC3C52816DE8800806EBD /* PBXTargetDependency */,
			);
			name = TypographyCourseTests;
			productName = TypographyCourseTests;
			productReference = BB2EC3C32816DE8800806EBD /* TypographyCourseTests.xctest */;
			productType = "com.apple.product-type.bundle.unit-test";
		};
		BB2EC3CC2816DE8800806EBD /* TypographyCourseUITests */ = {
			isa = PBXNativeTarget;
			buildConfigurationList = BB2EC3DD2816DE8800806EBD /* Build configuration list for PBXNativeTarget "TypographyCourseUITests" */;
			buildPhases = (
				BB2EC3C92816DE8800806EBD /* Sources */,
				BB2EC3CA2816DE8800806EBD /* Frameworks */,
				BB2EC3CB2816DE8800806EBD /* Resources */,
			);
			buildRules = (
			);
			dependencies = (
				BB2EC3CF2816DE8800806EBD /* PBXTargetDependency */,
			);
			name = TypographyCourseUITests;
			productName = TypographyCourseUITests;
			productReference = BB2EC3CD2816DE8800806EBD /* TypographyCourseUITests.xctest */;
			productType = "com.apple.product-type.bundle.ui-testing";
		};
/* End PBXNativeTarget section */

/* Begin PBXProject section */
		BB2EC3AB2816DE8600806EBD /* Project object */ = {
			isa = PBXProject;
			attributes = {
				BuildIndependentTargetsInParallel = 1;
				LastSwiftUpdateCheck = 1330;
				LastUpgradeCheck = 1330;
				TargetAttributes = {
					BB2EC3B22816DE8600806EBD = {
						CreatedOnToolsVersion = 13.3.1;
					};
					BB2EC3C22816DE8800806EBD = {
						CreatedOnToolsVersion = 13.3.1;
						TestTargetID = BB2EC3B22816DE8600806EBD;
					};
					BB2EC3CC2816DE8800806EBD = {
						CreatedOnToolsVersion = 13.3.1;
						TestTargetID = BB2EC3B22816DE8600806EBD;
					};
				};
			};
			buildConfigurationList = BB2EC3AE2816DE8600806EBD /* Build configuration list for PBXProject "TypographyCourse" */;
			compatibilityVersion = "Xcode 13.0";
			developmentRegion = en;
			hasScannedForEncodings = 0;
			knownRegions = (
				en,
				Base,
			);
			mainGroup = BB2EC3AA2816DE8600806EBD;
			packageReferences = (
				BB9AB010281BE443004E0BE4 /* XCRemoteSwiftPackageReference "ConfettiSwiftUI" */,
			);
			productRefGroup = BB2EC3B42816DE8600806EBD /* Products */;
			projectDirPath = "";
			projectRoot = "";
			targets = (
				BB2EC3B22816DE8600806EBD /* TypographyCourse */,
				BB2EC3C22816DE8800806EBD /* TypographyCourseTests */,
				BB2EC3CC2816DE8800806EBD /* TypographyCourseUITests */,
			);
		};
/* End PBXProject section */

/* Begin PBXResourcesBuildPhase section */
		BB2EC3B12816DE8600806EBD /* Resources */ = {
			isa = PBXResourcesBuildPhase;
			buildActionMask = 2147483647;
			files = (
				BB2EC3BE2816DE8800806EBD /* Preview Assets.xcassets in Resources */,
				BB2EC3BB2816DE8800806EBD /* Assets.xcassets in Resources */,
			);
			runOnlyForDeploymentPostprocessing = 0;
		};
		BB2EC3C12816DE8800806EBD /* Resources */ = {
			isa = PBXResourcesBuildPhase;
			buildActionMask = 2147483647;
			files = (
			);
			runOnlyForDeploymentPostprocessing = 0;
		};
		BB2EC3CB2816DE8800806EBD /* Resources */ = {
			isa = PBXResourcesBuildPhase;
			buildActionMask = 2147483647;
			files = (
			);
			runOnlyForDeploymentPostprocessing = 0;
		};
/* End PBXResourcesBuildPhase section */

/* Begin PBXSourcesBuildPhase section */
		BB2EC3AF2816DE8600806EBD /* Sources */ = {
			isa = PBXSourcesBuildPhase;
			buildActionMask = 2147483647;
			files = (
				BB2EC3FF2816E0B300806EBD /* FontsPlaygroundView.swift in Sources */,
				BB2EC3FB2816E09000806EBD /* KerningPlaygroundView.swift in Sources */,
				BBE2CB1728212D690016C240 /* HierarchyContentCustomView.swift in Sources */,
				BB2EC3F42816E03B00806EBD /* FontsContentCustomView.swift in Sources */,
				BB6400AC28241C2B00B29DE5 /* SpacingPlaygroundView.swift in Sources */,
				BB2EC3FD2816E0A200806EBD /* HierarchyPlaygroundView.swift in Sources */,
				BB2EC3F12816E01D00806EBD /* PagePlaygroundView.swift in Sources */,
				BB2EC3F72816E06800806EBD /* WelcomePlaygroundView.swift in Sources */,
				BB2EC3E92816DFD100806EBD /* AboutView.swift in Sources */,
				BB2EC3ED2816DFFB00806EBD /* PageContentView.swift in Sources */,
				BB6400AA2824025F00B29DE5 /* highlightable.swift in Sources */,
				BB2EC3B72816DE8600806EBD /* TypographyCourseApp.swift in Sources */,
				BB2EC3EF2816E00E00806EBD /* PageNavigationView.swift in Sources */,
				BB2EC4012816E0C100806EBD /* AppPlaygroundView.swift in Sources */,
				BB2EC4032816E0D900806EBD /* AppState.swift in Sources */,
				BB2EC3F92816E07E00806EBD /* QuizPlaygroundView.swift in Sources */,
				BB2EC3EB2816DFE300806EBD /* BaseView.swift in Sources */,
				BB2EC3E72816DF9D00806EBD /* Page.swift in Sources */,
				BB3DA850281F304700F1FC0C /* InteractableView.swift in Sources */,
				BB2EC3E52816DF8000806EBD /* Content.swift in Sources */,
				BB69E7ED281BCA2800556515 /* AlignmentPlaygroundView.swift in Sources */,
			);
			runOnlyForDeploymentPostprocessing = 0;
		};
		BB2EC3BF2816DE8800806EBD /* Sources */ = {
			isa = PBXSourcesBuildPhase;
			buildActionMask = 2147483647;
			files = (
				BB2EC3C82816DE8800806EBD /* TypographyCourseTests.swift in Sources */,
			);
			runOnlyForDeploymentPostprocessing = 0;
		};
		BB2EC3C92816DE8800806EBD /* Sources */ = {
			isa = PBXSourcesBuildPhase;
			buildActionMask = 2147483647;
			files = (
				BB2EC3D42816DE8800806EBD /* TypographyCourseUITestsLaunchTests.swift in Sources */,
				BB2EC3D22816DE8800806EBD /* TypographyCourseUITests.swift in Sources */,
			);
			runOnlyForDeploymentPostprocessing = 0;
		};
/* End PBXSourcesBuildPhase section */

/* Begin PBXTargetDependency section */
		BB2EC3C52816DE8800806EBD /* PBXTargetDependency */ = {
			isa = PBXTargetDependency;
			target = BB2EC3B22816DE8600806EBD /* TypographyCourse */;
			targetProxy = BB2EC3C42816DE8800806EBD /* PBXContainerItemProxy */;
		};
		BB2EC3CF2816DE8800806EBD /* PBXTargetDependency */ = {
			isa = PBXTargetDependency;
			target = BB2EC3B22816DE8600806EBD /* TypographyCourse */;
			targetProxy = BB2EC3CE2816DE8800806EBD /* PBXContainerItemProxy */;
		};
/* End PBXTargetDependency section */

/* Begin XCBuildConfiguration section */
		BB2EC3D52816DE8800806EBD /* Debug */ = {
			isa = XCBuildConfiguration;
			buildSettings = {
				ALWAYS_SEARCH_USER_PATHS = NO;
				CLANG_ANALYZER_NONNULL = YES;
				CLANG_ANALYZER_NUMBER_OBJECT_CONVERSION = YES_AGGRESSIVE;
				CLANG_CXX_LANGUAGE_STANDARD = "gnu++17";
				CLANG_ENABLE_MODULES = YES;
				CLANG_ENABLE_OBJC_ARC = YES;
				CLANG_ENABLE_OBJC_WEAK = YES;
				CLANG_WARN_BLOCK_CAPTURE_AUTORELEASING = YES;
				CLANG_WARN_BOOL_CONVERSION = YES;
				CLANG_WARN_COMMA = YES;
				CLANG_WARN_CONSTANT_CONVERSION = YES;
				CLANG_WARN_DEPRECATED_OBJC_IMPLEMENTATIONS = YES;
				CLANG_WARN_DIRECT_OBJC_ISA_USAGE = YES_ERROR;
				CLANG_WARN_DOCUMENTATION_COMMENTS = YES;
				CLANG_WARN_EMPTY_BODY = YES;
				CLANG_WARN_ENUM_CONVERSION = YES;
				CLANG_WARN_INFINITE_RECURSION = YES;
				CLANG_WARN_INT_CONVERSION = YES;
				CLANG_WARN_NON_LITERAL_NULL_CONVERSION = YES;
				CLANG_WARN_OBJC_IMPLICIT_RETAIN_SELF = YES;
				CLANG_WARN_OBJC_LITERAL_CONVERSION = YES;
				CLANG_WARN_OBJC_ROOT_CLASS = YES_ERROR;
				CLANG_WARN_QUOTED_INCLUDE_IN_FRAMEWORK_HEADER = YES;
				CLANG_WARN_RANGE_LOOP_ANALYSIS = YES;
				CLANG_WARN_STRICT_PROTOTYPES = YES;
				CLANG_WARN_SUSPICIOUS_MOVE = YES;
				CLANG_WARN_UNGUARDED_AVAILABILITY = YES_AGGRESSIVE;
				CLANG_WARN_UNREACHABLE_CODE = YES;
				CLANG_WARN__DUPLICATE_METHOD_MATCH = YES;
				COPY_PHASE_STRIP = NO;
				DEBUG_INFORMATION_FORMAT = dwarf;
				ENABLE_STRICT_OBJC_MSGSEND = YES;
				ENABLE_TESTABILITY = YES;
				GCC_C_LANGUAGE_STANDARD = gnu11;
				GCC_DYNAMIC_NO_PIC = NO;
				GCC_NO_COMMON_BLOCKS = YES;
				GCC_OPTIMIZATION_LEVEL = 0;
				GCC_PREPROCESSOR_DEFINITIONS = (
					"DEBUG=1",
					"$(inherited)",
				);
				GCC_WARN_64_TO_32_BIT_CONVERSION = YES;
				GCC_WARN_ABOUT_RETURN_TYPE = YES_ERROR;
				GCC_WARN_UNDECLARED_SELECTOR = YES;
				GCC_WARN_UNINITIALIZED_AUTOS = YES_AGGRESSIVE;
				GCC_WARN_UNUSED_FUNCTION = YES;
				GCC_WARN_UNUSED_VARIABLE = YES;
				IPHONEOS_DEPLOYMENT_TARGET = 15.4;
				MTL_ENABLE_DEBUG_INFO = INCLUDE_SOURCE;
				MTL_FAST_MATH = YES;
				ONLY_ACTIVE_ARCH = YES;
				SDKROOT = iphoneos;
				SWIFT_ACTIVE_COMPILATION_CONDITIONS = DEBUG;
				SWIFT_OPTIMIZATION_LEVEL = "-Onone";
			};
			name = Debug;
		};
		BB2EC3D62816DE8800806EBD /* Release */ = {
			isa = XCBuildConfiguration;
			buildSettings = {
				ALWAYS_SEARCH_USER_PATHS = NO;
				CLANG_ANALYZER_NONNULL = YES;
				CLANG_ANALYZER_NUMBER_OBJECT_CONVERSION = YES_AGGRESSIVE;
				CLANG_CXX_LANGUAGE_STANDARD = "gnu++17";
				CLANG_ENABLE_MODULES = YES;
				CLANG_ENABLE_OBJC_ARC = YES;
				CLANG_ENABLE_OBJC_WEAK = YES;
				CLANG_WARN_BLOCK_CAPTURE_AUTORELEASING = YES;
				CLANG_WARN_BOOL_CONVERSION = YES;
				CLANG_WARN_COMMA = YES;
				CLANG_WARN_CONSTANT_CONVERSION = YES;
				CLANG_WARN_DEPRECATED_OBJC_IMPLEMENTATIONS = YES;
				CLANG_WARN_DIRECT_OBJC_ISA_USAGE = YES_ERROR;
				CLANG_WARN_DOCUMENTATION_COMMENTS = YES;
				CLANG_WARN_EMPTY_BODY = YES;
				CLANG_WARN_ENUM_CONVERSION = YES;
				CLANG_WARN_INFINITE_RECURSION = YES;
				CLANG_WARN_INT_CONVERSION = YES;
				CLANG_WARN_NON_LITERAL_NULL_CONVERSION = YES;
				CLANG_WARN_OBJC_IMPLICIT_RETAIN_SELF = YES;
				CLANG_WARN_OBJC_LITERAL_CONVERSION = YES;
				CLANG_WARN_OBJC_ROOT_CLASS = YES_ERROR;
				CLANG_WARN_QUOTED_INCLUDE_IN_FRAMEWORK_HEADER = YES;
				CLANG_WARN_RANGE_LOOP_ANALYSIS = YES;
				CLANG_WARN_STRICT_PROTOTYPES = YES;
				CLANG_WARN_SUSPICIOUS_MOVE = YES;
				CLANG_WARN_UNGUARDED_AVAILABILITY = YES_AGGRESSIVE;
				CLANG_WARN_UNREACHABLE_CODE = YES;
				CLANG_WARN__DUPLICATE_METHOD_MATCH = YES;
				COPY_PHASE_STRIP = NO;
				DEBUG_INFORMATION_FORMAT = "dwarf-with-dsym";
				ENABLE_NS_ASSERTIONS = NO;
				ENABLE_STRICT_OBJC_MSGSEND = YES;
				GCC_C_LANGUAGE_STANDARD = gnu11;
				GCC_NO_COMMON_BLOCKS = YES;
				GCC_WARN_64_TO_32_BIT_CONVERSION = YES;
				GCC_WARN_ABOUT_RETURN_TYPE = YES_ERROR;
				GCC_WARN_UNDECLARED_SELECTOR = YES;
				GCC_WARN_UNINITIALIZED_AUTOS = YES_AGGRESSIVE;
				GCC_WARN_UNUSED_FUNCTION = YES;
				GCC_WARN_UNUSED_VARIABLE = YES;
				IPHONEOS_DEPLOYMENT_TARGET = 15.4;
				MTL_ENABLE_DEBUG_INFO = NO;
				MTL_FAST_MATH = YES;
				SDKROOT = iphoneos;
				SWIFT_COMPILATION_MODE = wholemodule;
				SWIFT_OPTIMIZATION_LEVEL = "-O";
				VALIDATE_PRODUCT = YES;
			};
			name = Release;
		};
		BB2EC3D82816DE8800806EBD /* Debug */ = {
			isa = XCBuildConfiguration;
			buildSettings = {
				ASSETCATALOG_COMPILER_APPICON_NAME = AppIcon;
				ASSETCATALOG_COMPILER_GLOBAL_ACCENT_COLOR_NAME = AccentColor;
				CODE_SIGN_STYLE = Automatic;
				CURRENT_PROJECT_VERSION = 11;
				DEVELOPMENT_ASSET_PATHS = "\"TypographyCourse/Preview Content\"";
				DEVELOPMENT_TEAM = 8V3J763Y9A;
				ENABLE_PREVIEWS = YES;
				GENERATE_INFOPLIST_FILE = YES;
				INFOPLIST_FILE = TypographyCourse/Info.plist;
				INFOPLIST_KEY_CFBundleDisplayName = Typoversity;
				INFOPLIST_KEY_UIApplicationSupportsIndirectInputEvents = YES;
				INFOPLIST_KEY_UILaunchScreen_Generation = YES;
				INFOPLIST_KEY_UIRequiresFullScreen = YES;
				INFOPLIST_KEY_UISupportedInterfaceOrientations_iPad = "UIInterfaceOrientationLandscapeLeft UIInterfaceOrientationLandscapeRight";
				INFOPLIST_KEY_UISupportedInterfaceOrientations_iPhone = "UIInterfaceOrientationPortrait UIInterfaceOrientationLandscapeLeft UIInterfaceOrientationLandscapeRight";
				IPHONEOS_DEPLOYMENT_TARGET = 15.0;
				LD_RUNPATH_SEARCH_PATHS = (
					"$(inherited)",
					"@executable_path/Frameworks",
				);
				MARKETING_VERSION = 0.1.2;
				PRODUCT_BUNDLE_IDENTIFIER = de.henribredt.Typoversity;
				PRODUCT_NAME = "$(TARGET_NAME)";
				SWIFT_EMIT_LOC_STRINGS = YES;
				SWIFT_VERSION = 5.0;
				TARGETED_DEVICE_FAMILY = 2;
			};
			name = Debug;
		};
		BB2EC3D92816DE8800806EBD /* Release */ = {
			isa = XCBuildConfiguration;
			buildSettings = {
				ASSETCATALOG_COMPILER_APPICON_NAME = AppIcon;
				ASSETCATALOG_COMPILER_GLOBAL_ACCENT_COLOR_NAME = AccentColor;
				CODE_SIGN_STYLE = Automatic;
				CURRENT_PROJECT_VERSION = 11;
				DEVELOPMENT_ASSET_PATHS = "\"TypographyCourse/Preview Content\"";
				DEVELOPMENT_TEAM = 8V3J763Y9A;
				ENABLE_PREVIEWS = YES;
				GENERATE_INFOPLIST_FILE = YES;
				INFOPLIST_FILE = TypographyCourse/Info.plist;
				INFOPLIST_KEY_CFBundleDisplayName = Typoversity;
				INFOPLIST_KEY_UIApplicationSupportsIndirectInputEvents = YES;
				INFOPLIST_KEY_UILaunchScreen_Generation = YES;
				INFOPLIST_KEY_UIRequiresFullScreen = YES;
				INFOPLIST_KEY_UISupportedInterfaceOrientations_iPad = "UIInterfaceOrientationLandscapeLeft UIInterfaceOrientationLandscapeRight";
				INFOPLIST_KEY_UISupportedInterfaceOrientations_iPhone = "UIInterfaceOrientationPortrait UIInterfaceOrientationLandscapeLeft UIInterfaceOrientationLandscapeRight";
				IPHONEOS_DEPLOYMENT_TARGET = 15.0;
				LD_RUNPATH_SEARCH_PATHS = (
					"$(inherited)",
					"@executable_path/Frameworks",
				);
				MARKETING_VERSION = 0.1.2;
				PRODUCT_BUNDLE_IDENTIFIER = de.henribredt.Typoversity;
				PRODUCT_NAME = "$(TARGET_NAME)";
				SWIFT_EMIT_LOC_STRINGS = YES;
				SWIFT_VERSION = 5.0;
				TARGETED_DEVICE_FAMILY = 2;
			};
			name = Release;
		};
		BB2EC3DB2816DE8800806EBD /* Debug */ = {
			isa = XCBuildConfiguration;
			buildSettings = {
				ALWAYS_EMBED_SWIFT_STANDARD_LIBRARIES = YES;
				BUNDLE_LOADER = "$(TEST_HOST)";
				CODE_SIGN_STYLE = Automatic;
				CURRENT_PROJECT_VERSION = 1;
				DEVELOPMENT_TEAM = 8V3J763Y9A;
				GENERATE_INFOPLIST_FILE = YES;
				IPHONEOS_DEPLOYMENT_TARGET = 15.4;
				MARKETING_VERSION = 1.0;
				PRODUCT_BUNDLE_IDENTIFIER = de.henribredt.TypographyCourseTests;
				PRODUCT_NAME = "$(TARGET_NAME)";
				SWIFT_EMIT_LOC_STRINGS = NO;
				SWIFT_VERSION = 5.0;
				TARGETED_DEVICE_FAMILY = "1,2";
				TEST_HOST = "$(BUILT_PRODUCTS_DIR)/TypographyCourse.app/TypographyCourse";
			};
			name = Debug;
		};
		BB2EC3DC2816DE8800806EBD /* Release */ = {
			isa = XCBuildConfiguration;
			buildSettings = {
				ALWAYS_EMBED_SWIFT_STANDARD_LIBRARIES = YES;
				BUNDLE_LOADER = "$(TEST_HOST)";
				CODE_SIGN_STYLE = Automatic;
				CURRENT_PROJECT_VERSION = 1;
				DEVELOPMENT_TEAM = 8V3J763Y9A;
				GENERATE_INFOPLIST_FILE = YES;
				IPHONEOS_DEPLOYMENT_TARGET = 15.4;
				MARKETING_VERSION = 1.0;
				PRODUCT_BUNDLE_IDENTIFIER = de.henribredt.TypographyCourseTests;
				PRODUCT_NAME = "$(TARGET_NAME)";
				SWIFT_EMIT_LOC_STRINGS = NO;
				SWIFT_VERSION = 5.0;
				TARGETED_DEVICE_FAMILY = "1,2";
				TEST_HOST = "$(BUILT_PRODUCTS_DIR)/TypographyCourse.app/TypographyCourse";
			};
			name = Release;
		};
		BB2EC3DE2816DE8800806EBD /* Debug */ = {
			isa = XCBuildConfiguration;
			buildSettings = {
				ALWAYS_EMBED_SWIFT_STANDARD_LIBRARIES = YES;
				CODE_SIGN_STYLE = Automatic;
				CURRENT_PROJECT_VERSION = 1;
				DEVELOPMENT_TEAM = 8V3J763Y9A;
				GENERATE_INFOPLIST_FILE = YES;
				MARKETING_VERSION = 1.0;
				PRODUCT_BUNDLE_IDENTIFIER = de.henribredt.TypographyCourseUITests;
				PRODUCT_NAME = "$(TARGET_NAME)";
				SWIFT_EMIT_LOC_STRINGS = NO;
				SWIFT_VERSION = 5.0;
				TARGETED_DEVICE_FAMILY = "1,2";
				TEST_TARGET_NAME = TypographyCourse;
			};
			name = Debug;
		};
		BB2EC3DF2816DE8800806EBD /* Release */ = {
			isa = XCBuildConfiguration;
			buildSettings = {
				ALWAYS_EMBED_SWIFT_STANDARD_LIBRARIES = YES;
				CODE_SIGN_STYLE = Automatic;
				CURRENT_PROJECT_VERSION = 1;
				DEVELOPMENT_TEAM = 8V3J763Y9A;
				GENERATE_INFOPLIST_FILE = YES;
				MARKETING_VERSION = 1.0;
				PRODUCT_BUNDLE_IDENTIFIER = de.henribredt.TypographyCourseUITests;
				PRODUCT_NAME = "$(TARGET_NAME)";
				SWIFT_EMIT_LOC_STRINGS = NO;
				SWIFT_VERSION = 5.0;
				TARGETED_DEVICE_FAMILY = "1,2";
				TEST_TARGET_NAME = TypographyCourse;
			};
			name = Release;
		};
/* End XCBuildConfiguration section */

/* Begin XCConfigurationList section */
		BB2EC3AE2816DE8600806EBD /* Build configuration list for PBXProject "TypographyCourse" */ = {
			isa = XCConfigurationList;
			buildConfigurations = (
				BB2EC3D52816DE8800806EBD /* Debug */,
				BB2EC3D62816DE8800806EBD /* Release */,
			);
			defaultConfigurationIsVisible = 0;
			defaultConfigurationName = Release;
		};
		BB2EC3D72816DE8800806EBD /* Build configuration list for PBXNativeTarget "TypographyCourse" */ = {
			isa = XCConfigurationList;
			buildConfigurations = (
				BB2EC3D82816DE8800806EBD /* Debug */,
				BB2EC3D92816DE8800806EBD /* Release */,
			);
			defaultConfigurationIsVisible = 0;
			defaultConfigurationName = Release;
		};
		BB2EC3DA2816DE8800806EBD /* Build configuration list for PBXNativeTarget "TypographyCourseTests" */ = {
			isa = XCConfigurationList;
			buildConfigurations = (
				BB2EC3DB2816DE8800806EBD /* Debug */,
				BB2EC3DC2816DE8800806EBD /* Release */,
			);
			defaultConfigurationIsVisible = 0;
			defaultConfigurationName = Release;
		};
		BB2EC3DD2816DE8800806EBD /* Build configuration list for PBXNativeTarget "TypographyCourseUITests" */ = {
			isa = XCConfigurationList;
			buildConfigurations = (
				BB2EC3DE2816DE8800806EBD /* Debug */,
				BB2EC3DF2816DE8800806EBD /* Release */,
			);
			defaultConfigurationIsVisible = 0;
			defaultConfigurationName = Release;
		};
/* End XCConfigurationList section */

/* Begin XCRemoteSwiftPackageReference section */
		BB9AB010281BE443004E0BE4 /* XCRemoteSwiftPackageReference "ConfettiSwiftUI" */ = {
			isa = XCRemoteSwiftPackageReference;
			repositoryURL = "https://github.com/simibac/ConfettiSwiftUI.git";
			requirement = {
				kind = upToNextMajorVersion;
				minimumVersion = 1.0.0;
			};
		};
/* End XCRemoteSwiftPackageReference section */

/* Begin XCSwiftPackageProductDependency section */
		BB9AB011281BE443004E0BE4 /* ConfettiSwiftUI */ = {
			isa = XCSwiftPackageProductDependency;
			package = BB9AB010281BE443004E0BE4 /* XCRemoteSwiftPackageReference "ConfettiSwiftUI" */;
			productName = ConfettiSwiftUI;
		};
/* End XCSwiftPackageProductDependency section */
	};
	rootObject = BB2EC3AB2816DE8600806EBD /* Project object */;
}
